<Solution>
  <Folder Name="/docs/">
    <Project Path="docs/DocsSamples/DocsSamples.csproj" />
    <Project Path="docs/DocsSamplesGenerator/DocsSamplesGenerator.csproj" />
  </Folder>
  <Folder Name="/gen/">
    <Project Path="gen/StellarAdmin.Generators/StellarAdmin.Generators.csproj" />
  </Folder>
  <Folder Name="/sandbox/">
    <Project Path="sandbox/ComponentPlayground/ComponentPlayground.csproj" />
    <Project Path="sandbox/DataGridSpike/DataGridSpike.csproj" />
  </Folder>
  <Folder Name="/src/">
    <Project Path="src/StellarAdmin.Core/StellarAdmin.Core.csproj" />
    <Project Path="src/StellarAdmin.Dashboard/StellarAdmin.Dashboard.csproj" />
  </Folder>
  <Folder Name="/tests/">
    <Project Path="tests/StellarAdmin.Core.Tests/StellarAdmin.Core.Tests.csproj" />
    <Project Path="tests/StellarAdmin.Dashboard.Tests/StellarAdmin.Dashboard.Tests.csproj" />
    <Project Path="tests/StellarAdmin.TagHelpers.Tests/StellarAdmin.TagHelpers.Tests.csproj" />
  </Folder>
  <Folder Name="/util/">
    <Project Path="util/SkillsGenerator/SkillsGenerator.csproj" />
    <Project Path="util\ThemeGenerator\ThemeGenerator.csproj" />
  </Folder>
  <Folder Name="/workflows/">
    <File Path=".github/workflows/ci.yml" />
    <File Path=".github/workflows/vrt-comment.yml" />
    <File Path=".github/workflows/vrt.yml" />
  </Folder>
  <Project Path="src/StellarAdmin.TagHelpers/StellarAdmin.TagHelpers.csproj" />
</Solution>
