<Solution>
  <Folder Name="/docs/">
    <Project Path="docs/DocsSamples/DocsSamples.csproj" />
  </Folder>
  <Folder Name="/gen/">
    <Project Path="gen/StellarAdmin.TagHelpers.Generators/StellarAdmin.TagHelpers.Generators.csproj" />
  </Folder>
  <Folder Name="/sandbox/">
    <Project Path="sandbox/ComponentPlayground/ComponentPlayground.csproj" />
  </Folder>
  <Folder Name="/util/">
    <Project Path="util\ThemeGenerator\ThemeGenerator.csproj" />
  </Folder>
  <Folder Name="/workflows/">
    <File Path=".github/workflows/ci.yml" />
    <File Path=".github/workflows/vrt-comment.yml" />
    <File Path=".github/workflows/vrt.yml" />
  </Folder>
  <Project Path="src/StellarAdmin.TagHelpers/StellarAdmin.TagHelpers.csproj" />
</Solution>
